{
    "_readme": [
        "This file locks the dependencies of your project to a known state",
        "Read more about it at https://getcomposer.org/doc/01-basic-usage.md#composer-lock-the-lock-file",
        "This file is @generated automatically"
    ],
    "hash": "eabe9754d905aca1780d7deaeeb6b9c6",
    "content-hash": "0eb13792502b66142aa921353a2ea34b",
    "packages": [
        {
            "name": "jc21/clitable",
            "version": "1.1",
            "source": {
                "type": "git",
                "url": "https://github.com/jc21/clitable.git",
                "reference": "78ae39d213a4a5edc6ede1b36d18f60687d0dab0"
            },
            "dist": {
                "type": "zip",
                "url": "https://api.github.com/repos/jc21/clitable/zipball/78ae39d213a4a5edc6ede1b36d18f60687d0dab0",
                "reference": "78ae39d213a4a5edc6ede1b36d18f60687d0dab0",
                "shasum": ""
            },
            "require": {
                "php": ">=5.3.0"
            },
            "require-dev": {
                "victorjonsson/markdowndocs": "dev-master"
            },
            "type": "library",
            "autoload": {
                "psr-0": {
                    "jc21": "src"
                }
            },
            "notification-url": "https://packagist.org/downloads/",
            "license": [
                "BSD"
            ],
            "authors": [
                {
                    "name": "Jamie Curnow",
                    "email": "jc@jc21.com"
                }
            ],
            "description": "CLI Table output for PHP scripts",
            "homepage": "https://github.com/jc21/clitable",
            "keywords": [
                "cli",
                "command",
                "line",
                "table"
            ],
            "time": "2015-08-19 06:04:53"
        },
        {
            "name": "jdorn/file-system-cache",
            "version": "dev-master",
            "source": {
                "type": "git",
                "url": "https://github.com/jdorn/FileSystemCache.git",
                "reference": "08f33ff840ec4728a0bd28e4d68d97635584952e"
            },
            "dist": {
                "type": "zip",
                "url": "https://api.github.com/repos/jdorn/FileSystemCache/zipball/08f33ff840ec4728a0bd28e4d68d97635584952e",
                "reference": "08f33ff840ec4728a0bd28e4d68d97635584952e",
                "shasum": ""
            },
            "require": {
                "php": ">=5.3.0"
            },
            "type": "library",
            "extra": {
                "branch-alias": {
                    "dev-master": "1.0.x-dev"
                }
            },
            "autoload": {
                "classmap": [
                    "lib"
                ]
            },
            "notification-url": "https://packagist.org/downloads/",
            "license": [
                "LGPL"
            ],
            "authors": [
                {
                    "name": "Jeremy Dorn",
                    "email": "jeremy@jeremydorn.com",
                    "homepage": "http://jeremydorn.com/"
                }
            ],
            "description": "an easy way to cache data in the file system",
            "homepage": "https://github.com/jdorn/FileSystemCache/",
            "keywords": [
                "cache",
                "file system"
            ],
            "time": "2013-07-05 13:28:27"
        },
        {
            "name": "scheb/yahoo-finance-api",
            "version": "v1.4.0",
            "source": {
                "type": "git",
                "url": "https://github.com/scheb/yahoo-finance-api.git",
                "reference": "de2d5aa15f06912c75d63d997af03306c5efb6d6"
            },
            "dist": {
                "type": "zip",
                "url": "https://api.github.com/repos/scheb/yahoo-finance-api/zipball/de2d5aa15f06912c75d63d997af03306c5efb6d6",
                "reference": "de2d5aa15f06912c75d63d997af03306c5efb6d6",
                "shasum": ""
            },
            "require": {
                "php": ">=5.3.0"
            },
            "type": "library",
            "autoload": {
                "psr-4": {
                    "Scheb\\YahooFinanceApi\\": ""
                }
            },
            "notification-url": "https://packagist.org/downloads/",
            "license": [
                "MIT"
            ],
            "authors": [
                {
                    "name": "Christian Scheb",
                    "email": "me@christianscheb.de"
                }
            ],
            "description": "PHP library for accessing Yahoo Finance data",
            "homepage": "https://github.com/scheb/yahoo-finance-api",
            "keywords": [
                "api",
                "finance",
                "stock",
                "yahoo"
            ],
            "time": "2017-03-15 19:13:09"
        },
        {
            "name": "symfony/config",
            "version": "v3.2.6",
            "source": {
                "type": "git",
                "url": "https://github.com/symfony/config.git",
                "reference": "741d6d4cd1414d67d48eb71aba6072b46ba740c2"
            },
            "dist": {
                "type": "zip",
                "url": "https://api.github.com/repos/symfony/config/zipball/741d6d4cd1414d67d48eb71aba6072b46ba740c2",
                "reference": "741d6d4cd1414d67d48eb71aba6072b46ba740c2",
                "shasum": ""
            },
            "require": {
                "php": ">=5.5.9",
                "symfony/filesystem": "~2.8|~3.0"
            },
            "require-dev": {
                "symfony/yaml": "~3.0"
            },
            "suggest": {
                "symfony/yaml": "To use the yaml reference dumper"
            },
            "type": "library",
            "extra": {
                "branch-alias": {
                    "dev-master": "3.2-dev"
                }
            },
            "autoload": {
                "psr-4": {
                    "Symfony\\Component\\Config\\": ""
                },
                "exclude-from-classmap": [
                    "/Tests/"
                ]
            },
            "notification-url": "https://packagist.org/downloads/",
            "license": [
                "MIT"
            ],
            "authors": [
                {
                    "name": "Fabien Potencier",
                    "email": "fabien@symfony.com"
                },
                {
                    "name": "Symfony Community",
                    "homepage": "https://symfony.com/contributors"
                }
            ],
            "description": "Symfony Config Component",
            "homepage": "https://symfony.com",
            "time": "2017-03-01 18:18:25"
        },
        {
            "name": "symfony/filesystem",
            "version": "v3.2.6",
            "source": {
                "type": "git",
                "url": "https://github.com/symfony/filesystem.git",
                "reference": "bc0f17bed914df2cceb989972c3b996043c4da4a"
            },
            "dist": {
                "type": "zip",
                "url": "https://api.github.com/repos/symfony/filesystem/zipball/bc0f17bed914df2cceb989972c3b996043c4da4a",
                "reference": "bc0f17bed914df2cceb989972c3b996043c4da4a",
                "shasum": ""
            },
            "require": {
                "php": ">=5.5.9"
            },
            "type": "library",
            "extra": {
                "branch-alias": {
                    "dev-master": "3.2-dev"
                }
            },
            "autoload": {
                "psr-4": {
                    "Symfony\\Component\\Filesystem\\": ""
                },
                "exclude-from-classmap": [
                    "/Tests/"
                ]
            },
            "notification-url": "https://packagist.org/downloads/",
            "license": [
                "MIT"
            ],
            "authors": [
                {
                    "name": "Fabien Potencier",
                    "email": "fabien@symfony.com"
                },
                {
                    "name": "Symfony Community",
                    "homepage": "https://symfony.com/contributors"
                }
            ],
            "description": "Symfony Filesystem Component",
            "homepage": "https://symfony.com",
            "time": "2017-03-06 19:30:27"
        },
        {
            "name": "symfony/yaml",
            "version": "v3.2.6",
            "source": {
                "type": "git",
                "url": "https://github.com/symfony/yaml.git",
                "reference": "093e416ad096355149e265ea2e4cc1f9ee40ab1a"
            },
            "dist": {
                "type": "zip",
                "url": "https://api.github.com/repos/symfony/yaml/zipball/093e416ad096355149e265ea2e4cc1f9ee40ab1a",
                "reference": "093e416ad096355149e265ea2e4cc1f9ee40ab1a",
                "shasum": ""
            },
            "require": {
                "php": ">=5.5.9"
            },
            "require-dev": {
                "symfony/console": "~2.8|~3.0"
            },
            "suggest": {
                "symfony/console": "For validating YAML files using the lint command"
            },
            "type": "library",
            "extra": {
                "branch-alias": {
                    "dev-master": "3.2-dev"
                }
            },
            "autoload": {
                "psr-4": {
                    "Symfony\\Component\\Yaml\\": ""
                },
                "exclude-from-classmap": [
                    "/Tests/"
                ]
            },
            "notification-url": "https://packagist.org/downloads/",
            "license": [
                "MIT"
            ],
            "authors": [
                {
                    "name": "Fabien Potencier",
                    "email": "fabien@symfony.com"
                },
                {
                    "name": "Symfony Community",
                    "homepage": "https://symfony.com/contributors"
                }
            ],
            "description": "Symfony Yaml Component",
            "homepage": "https://symfony.com",
            "time": "2017-03-07 16:47:02"
        },
        {
            "name": "ulrichsg/getopt-php",
            "version": "2.3.0",
            "source": {
                "type": "git",
                "url": "https://github.com/ulrichsg/getopt-php.git",
                "reference": "a51554a16e206a6642bf1a0d7d1e4378ec2ba980"
            },
            "dist": {
                "type": "zip",
                "url": "https://api.github.com/repos/ulrichsg/getopt-php/zipball/a51554a16e206a6642bf1a0d7d1e4378ec2ba980",
                "reference": "a51554a16e206a6642bf1a0d7d1e4378ec2ba980",
                "shasum": ""
            },
            "require": {
                "php": ">=5.3.0"
            },
            "require-dev": {
                "phpunit/phpunit": "3.7.*"
            },
            "type": "library",
            "autoload": {
                "psr-0": {
                    "Ulrichsg\\": "src"
                }
            },
            "notification-url": "https://packagist.org/downloads/",
            "license": [
                "MIT"
            ],
            "authors": [
                {
                    "name": "Ulrich Schmidt-Goertz",
                    "email": "ulrich@schmidt-goertz.de"
                }
            ],
            "description": "Command line arguments parser for PHP 5.3",
            "homepage": "http://ulrichsg.github.io/getopt-php",
            "time": "2015-03-28 14:09:20"
        }
    ],
    "packages-dev": [],
    "aliases": [],
    "minimum-stability": "stable",
    "stability-flags": {
        "jdorn/file-system-cache": 20
    },
    "prefer-stable": false,
    "prefer-lowest": false,
    "platform": [],
    "platform-dev": []
}
